
Microsoft Visual Studio Solution File, Format Version 12.00
# Visual Studio Version 16
VisualStudioVersion = 16.0.30204.135
MinimumVisualStudioVersion = 10.0.40219.1
Project("{FAE04EC0-301F-11D3-BF4B-00C04F79EFBC}") = "SportsStore", "SportsStore\SportsStore.csproj", "{67F9E858-A20A-4EA9-BB69-3FAECA2475B5}"
EndProject
Global
	GlobalSection(SolutionConfigurationPlatforms) = preSolution
		Debug|Any CPU = Debug|Any CPU
		Release|Any CPU = Release|Any CPU
	EndGlobalSection
	GlobalSection(ProjectConfigurationPlatforms) = postSolution
		{67F9E858-A20A-4EA9-BB69-3FAECA2475B5}.Debug|Any CPU.ActiveCfg = Debug|Any CPU
		{67F9E858-A20A-4EA9-BB69-3FAECA2475B5}.Debug|Any CPU.Build.0 = Debug|Any CPU
		{67F9E858-A20A-4EA9-BB69-3FAECA2475B5}.Release|Any CPU.ActiveCfg = Release|Any CPU
		{67F9E858-A20A-4EA9-BB69-3FAECA2475B5}.Release|Any CPU.Build.0 = Release|Any CPU
	EndGlobalSection
	GlobalSection(SolutionProperties) = preSolution
		HideSolutionNode = FALSE
	EndGlobalSection
	GlobalSection(ExtensibilityGlobals) = postSolution
		SolutionGuid = {7AA12DB0-BCD6-4D7D-B0AC-FD6FAE6E6433}
	EndGlobalSection
EndGlobal
